
Microsoft Visual Studio Solution File, Format Version 12.00
# Visual Studio 2013
VisualStudioVersion = 12.0.31101.0
MinimumVisualStudioVersion = 10.0.40219.1
Project("{E24C65DC-7377-472B-9ABA-BC803B73C61A}") = "SIMPLEinc-Website", "http://localhost:32699", "{0E334CA1-197D-4126-BC59-70DA319E0E09}"
	ProjectSection(WebsiteProperties) = preProject
		UseIISExpress = "true"
		TargetFrameworkMoniker = ".NETFramework,Version%3Dv4.5.1"
		Debug.AspNetCompiler.VirtualPath = "/localhost_32699"
		Debug.AspNetCompiler.PhysicalPath = "..\..\..\Source\Repos\SIMPLEinc-Website\"
		Debug.AspNetCompiler.TargetPath = "PrecompiledWeb\localhost_32699\"
		Debug.AspNetCompiler.Updateable = "true"
		Debug.AspNetCompiler.ForceOverwrite = "true"
		Debug.AspNetCompiler.FixedNames = "false"
		Debug.AspNetCompiler.Debug = "True"
		Release.AspNetCompiler.VirtualPath = "/localhost_32699"
		Release.AspNetCompiler.PhysicalPath = "..\..\..\Source\Repos\SIMPLEinc-Website\"
		Release.AspNetCompiler.TargetPath = "PrecompiledWeb\localhost_32699\"
		Release.AspNetCompiler.Updateable = "true"
		Release.AspNetCompiler.ForceOverwrite = "true"
		Release.AspNetCompiler.FixedNames = "false"
		Release.AspNetCompiler.Debug = "False"
		SlnRelativePath = "..\..\..\Source\Repos\SIMPLEinc-Website\"
	EndProjectSection
EndProject
Global
	GlobalSection(SolutionConfigurationPlatforms) = preSolution
		Debug|Any CPU = Debug|Any CPU
	EndGlobalSection
	GlobalSection(ProjectConfigurationPlatforms) = postSolution
		{0E334CA1-197D-4126-BC59-70DA319E0E09}.Debug|Any CPU.ActiveCfg = Debug|Any CPU
		{0E334CA1-197D-4126-BC59-70DA319E0E09}.Debug|Any CPU.Build.0 = Debug|Any CPU
	EndGlobalSection
	GlobalSection(SolutionProperties) = preSolution
		HideSolutionNode = FALSE
	EndGlobalSection
EndGlobal
